# THIS IS AN AUTOGENERATED FILE. DO NOT EDIT THIS FILE DIRECTLY.
# yarn lockfile v1


"impac-angular@git+https://git@github.com/maestrano/impac-angular.git#v1.6.x":
  version "1.6.5"
  resolved "git+https://git@github.com/maestrano/impac-angular.git#e6dd52d2e9973b09eabfff6b920e7b4aab0670fe"

"mno-enterprise-angular@git+https://git@github.com/maestrano/mno-enterprise-angular.git#2.0":
  version "2.0.0-dev"
  resolved "git+https://git@github.com/maestrano/mno-enterprise-angular.git#b7bdcec3940c92539631f821b338916dc46ec8c5"

"mnoe-admin-panel@git+https://git@github.com/maestrano/mnoe-admin-panel.git#2.0":
  version "2.0.0-dev"
  resolved "git+https://git@github.com/maestrano/mnoe-admin-panel.git#91ea5b49345b05fd762dd411746807f2c4bbc9a9"
