# THIS IS AN AUTOGENERATED FILE. DO NOT EDIT THIS FILE DIRECTLY.
# yarn lockfile v1


"impac-angular@git+https://git@github.com/maestrano/impac-angular.git#staging-cashflow":
  version "1.6.9"
  resolved "git+https://git@github.com/maestrano/impac-angular.git#e73744b5086b41ba4bca241d66de32873ce809da"

"mno-enterprise-angular@git+https://git@github.com/maestrano/mno-enterprise-angular.git#1.1":
  version "1.1.5"
  resolved "git+https://git@github.com/maestrano/mno-enterprise-angular.git#fcb06b4e0eb03b763a2da6d24cbce8c36a6ab57a"

"mnoe-admin-panel@git+https://git@github.com/maestrano/mnoe-admin-panel.git#1.0":
  version "1.0.9"
  resolved "git+https://git@github.com/maestrano/mnoe-admin-panel.git#aa3c5690e1475f6ccb996cb1aa5de076cfc4aabc"
