# THIS IS AN AUTOGENERATED FILE. DO NOT EDIT THIS FILE DIRECTLY.
# yarn lockfile v1


"impac-angular@git+https://git@github.com/maestrano/impac-angular.git#1.4.x":
  version "1.4.6"
  resolved "git+https://git@github.com/maestrano/impac-angular.git#eb085f6a34949a016447da9994b948a7571f7642"

"mno-enterprise-angular@git+https://git@github.com/maestrano/mno-enterprise-angular.git#1.0.x":
  version "1.0.0"
  resolved "git+https://git@github.com/maestrano/mno-enterprise-angular.git#8cfee0abb17fad31fbe0b97db38eb9f5757cd856"
